// !$*UTF8*$!
{
	archiveVersion = 1;
	classes = {
	};
	objectVersion = 56;
	objects = {

/* Begin PBXBuildFile section */
		9BF06CAC29DC967300A89CFD /* EnergyAustraliaCodingTestApp.swift in Sources */ = {isa = PBXBuildFile; fileRef = 9BF06CAB29DC967300A89CFD /* EnergyAustraliaCodingTestApp.swift */; };
		9BF06CAE29DC967300A89CFD /* ContentView.swift in Sources */ = {isa = PBXBuildFile; fileRef = 9BF06CAD29DC967300A89CFD /* ContentView.swift */; };
		9BF06CB029DC967400A89CFD /* Assets.xcassets in Resources */ = {isa = PBXBuildFile; fileRef = 9BF06CAF29DC967400A89CFD /* Assets.xcassets */; };
		9BF06CB329DC967400A89CFD /* Preview Assets.xcassets in Resources */ = {isa = PBXBuildFile; fileRef = 9BF06CB229DC967400A89CFD /* Preview Assets.xcassets */; };
		9BF06CBD29DC967500A89CFD /* EnergyAustraliaCodingTestTests.swift in Sources */ = {isa = PBXBuildFile; fileRef = 9BF06CBC29DC967500A89CFD /* EnergyAustraliaCodingTestTests.swift */; };
		9BF06CC729DC967500A89CFD /* EnergyAustraliaCodingTestUITests.swift in Sources */ = {isa = PBXBuildFile; fileRef = 9BF06CC629DC967500A89CFD /* EnergyAustraliaCodingTestUITests.swift */; };
		9BF06CC929DC967500A89CFD /* EnergyAustraliaCodingTestUITestsLaunchTests.swift in Sources */ = {isa = PBXBuildFile; fileRef = 9BF06CC829DC967500A89CFD /* EnergyAustraliaCodingTestUITestsLaunchTests.swift */; };
/* End PBXBuildFile section */

/* Begin PBXContainerItemProxy section */
		9BF06CB929DC967500A89CFD /* PBXContainerItemProxy */ = {
			isa = PBXContainerItemProxy;
			containerPortal = 9BF06CA029DC967300A89CFD /* Project object */;
			proxyType = 1;
			remoteGlobalIDString = 9BF06CA729DC967300A89CFD;
			remoteInfo = EnergyAustraliaCodingTest;
		};
		9BF06CC329DC967500A89CFD /* PBXContainerItemProxy */ = {
			isa = PBXContainerItemProxy;
			containerPortal = 9BF06CA029DC967300A89CFD /* Project object */;
			proxyType = 1;
			remoteGlobalIDString = 9BF06CA729DC967300A89CFD;
			remoteInfo = EnergyAustraliaCodingTest;
		};
/* End PBXContainerItemProxy section */

/* Begin PBXFileReference section */
		9BF06CA829DC967300A89CFD /* EnergyAustraliaCodingTest.app */ = {isa = PBXFileReference; explicitFileType = wrapper.application; includeInIndex = 0; path = EnergyAustraliaCodingTest.app; sourceTree = BUILT_PRODUCTS_DIR; };
		9BF06CAB29DC967300A89CFD /* EnergyAustraliaCodingTestApp.swift */ = {isa = PBXFileReference; lastKnownFileType = sourcecode.swift; path = EnergyAustraliaCodingTestApp.swift; sourceTree = "<group>"; };
		9BF06CAD29DC967300A89CFD /* ContentView.swift */ = {isa = PBXFileReference; lastKnownFileType = sourcecode.swift; path = ContentView.swift; sourceTree = "<group>"; };
		9BF06CAF29DC967400A89CFD /* Assets.xcassets */ = {isa = PBXFileReference; lastKnownFileType = folder.assetcatalog; path = Assets.xcassets; sourceTree = "<group>"; };
		9BF06CB229DC967400A89CFD /* Preview Assets.xcassets */ = {isa = PBXFileReference; lastKnownFileType = folder.assetcatalog; path = "Preview Assets.xcassets"; sourceTree = "<group>"; };
		9BF06CB829DC967500A89CFD /* EnergyAustraliaCodingTestTests.xctest */ = {isa = PBXFileReference; explicitFileType = wrapper.cfbundle; includeInIndex = 0; path = EnergyAustraliaCodingTestTests.xctest; sourceTree = BUILT_PRODUCTS_DIR; };
		9BF06CBC29DC967500A89CFD /* EnergyAustraliaCodingTestTests.swift */ = {isa = PBXFileReference; lastKnownFileType = sourcecode.swift; path = EnergyAustraliaCodingTestTests.swift; sourceTree = "<group>"; };
		9BF06CC229DC967500A89CFD /* EnergyAustraliaCodingTestUITests.xctest */ = {isa = PBXFileReference; explicitFileType = wrapper.cfbundle; includeInIndex = 0; path = EnergyAustraliaCodingTestUITests.xctest; sourceTree = BUILT_PRODUCTS_DIR; };
		9BF06CC629DC967500A89CFD /* EnergyAustraliaCodingTestUITests.swift */ = {isa = PBXFileReference; lastKnownFileType = sourcecode.swift; path = EnergyAustraliaCodingTestUITests.swift; sourceTree = "<group>"; };
		9BF06CC829DC967500A89CFD /* EnergyAustraliaCodingTestUITestsLaunchTests.swift */ = {isa = PBXFileReference; lastKnownFileType = sourcecode.swift; path = EnergyAustraliaCodingTestUITestsLaunchTests.swift; sourceTree = "<group>"; };
/* End PBXFileReference section */

/* Begin PBXFrameworksBuildPhase section */
		9BF06CA529DC967300A89CFD /* Frameworks */ = {
			isa = PBXFrameworksBuildPhase;
			buildActionMask = 2147483647;
			files = (
			);
			runOnlyForDeploymentPostprocessing = 0;
		};
		9BF06CB529DC967500A89CFD /* Frameworks */ = {
			isa = PBXFrameworksBuildPhase;
			buildActionMask = 2147483647;
			files = (
			);
			runOnlyForDeploymentPostprocessing = 0;
		};
		9BF06CBF29DC967500A89CFD /* Frameworks */ = {
			isa = PBXFrameworksBuildPhase;
			buildActionMask = 2147483647;
			files = (
			);
			runOnlyForDeploymentPostprocessing = 0;
		};
/* End PBXFrameworksBuildPhase section */

/* Begin PBXGroup section */
		9BF06C9F29DC967300A89CFD = {
			isa = PBXGroup;
			children = (
				9BF06CAA29DC967300A89CFD /* EnergyAustraliaCodingTest */,
				9BF06CBB29DC967500A89CFD /* EnergyAustraliaCodingTestTests */,
				9BF06CC529DC967500A89CFD /* EnergyAustraliaCodingTestUITests */,
				9BF06CA929DC967300A89CFD /* Products */,
			);
			sourceTree = "<group>";
		};
		9BF06CA929DC967300A89CFD /* Products */ = {
			isa = PBXGroup;
			children = (
				9BF06CA829DC967300A89CFD /* EnergyAustraliaCodingTest.app */,
				9BF06CB829DC967500A89CFD /* EnergyAustraliaCodingTestTests.xctest */,
				9BF06CC229DC967500A89CFD /* EnergyAustraliaCodingTestUITests.xctest */,
			);
			name = Products;
			sourceTree = "<group>";
		};
		9BF06CAA29DC967300A89CFD /* EnergyAustraliaCodingTest */ = {
			isa = PBXGroup;
			children = (
				9BF06CAB29DC967300A89CFD /* EnergyAustraliaCodingTestApp.swift */,
				9BF06CAD29DC967300A89CFD /* ContentView.swift */,
				9BF06CAF29DC967400A89CFD /* Assets.xcassets */,
				9BF06CB129DC967400A89CFD /* Preview Content */,
			);
			path = EnergyAustraliaCodingTest;
			sourceTree = "<group>";
		};
		9BF06CB129DC967400A89CFD /* Preview Content */ = {
			isa = PBXGroup;
			children = (
				9BF06CB229DC967400A89CFD /* Preview Assets.xcassets */,
			);
			path = "Preview Content";
			sourceTree = "<group>";
		};
		9BF06CBB29DC967500A89CFD /* EnergyAustraliaCodingTestTests */ = {
			isa = PBXGroup;
			children = (
				9BF06CBC29DC967500A89CFD /* EnergyAustraliaCodingTestTests.swift */,
			);
			path = EnergyAustraliaCodingTestTests;
			sourceTree = "<group>";
		};
		9BF06CC529DC967500A89CFD /* EnergyAustraliaCodingTestUITests */ = {
			isa = PBXGroup;
			children = (
				9BF06CC629DC967500A89CFD /* EnergyAustraliaCodingTestUITests.swift */,
				9BF06CC829DC967500A89CFD /* EnergyAustraliaCodingTestUITestsLaunchTests.swift */,
			);
			path = EnergyAustraliaCodingTestUITests;
			sourceTree = "<group>";
		};
/* End PBXGroup section */

/* Begin PBXNativeTarget section */
		9BF06CA729DC967300A89CFD /* EnergyAustraliaCodingTest */ = {
			isa = PBXNativeTarget;
			buildConfigurationList = 9BF06CCC29DC967500A89CFD /* Build configuration list for PBXNativeTarget "EnergyAustraliaCodingTest" */;
			buildPhases = (
				9BF06CA429DC967300A89CFD /* Sources */,
				9BF06CA529DC967300A89CFD /* Frameworks */,
				9BF06CA629DC967300A89CFD /* Resources */,
			);
			buildRules = (
			);
			dependencies = (
			);
			name = EnergyAustraliaCodingTest;
			productName = EnergyAustraliaCodingTest;
			productReference = 9BF06CA829DC967300A89CFD /* EnergyAustraliaCodingTest.app */;
			productType = "com.apple.product-type.application";
		};
		9BF06CB729DC967500A89CFD /* EnergyAustraliaCodingTestTests */ = {
			isa = PBXNativeTarget;
			buildConfigurationList = 9BF06CCF29DC967500A89CFD /* Build configuration list for PBXNativeTarget "EnergyAustraliaCodingTestTests" */;
			buildPhases = (
				9BF06CB429DC967500A89CFD /* Sources */,
				9BF06CB529DC967500A89CFD /* Frameworks */,
				9BF06CB629DC967500A89CFD /* Resources */,
			);
			buildRules = (
			);
			dependencies = (
				9BF06CBA29DC967500A89CFD /* PBXTargetDependency */,
			);
			name = EnergyAustraliaCodingTestTests;
			productName = EnergyAustraliaCodingTestTests;
			productReference = 9BF06CB829DC967500A89CFD /* EnergyAustraliaCodingTestTests.xctest */;
			productType = "com.apple.product-type.bundle.unit-test";
		};
		9BF06CC129DC967500A89CFD /* EnergyAustraliaCodingTestUITests */ = {
			isa = PBXNativeTarget;
			buildConfigurationList = 9BF06CD229DC967500A89CFD /* Build configuration list for PBXNativeTarget "EnergyAustraliaCodingTestUITests" */;
			buildPhases = (
				9BF06CBE29DC967500A89CFD /* Sources */,
				9BF06CBF29DC967500A89CFD /* Frameworks */,
				9BF06CC029DC967500A89CFD /* Resources */,
			);
			buildRules = (
			);
			dependencies = (
				9BF06CC429DC967500A89CFD /* PBXTargetDependency */,
			);
			name = EnergyAustraliaCodingTestUITests;
			productName = EnergyAustraliaCodingTestUITests;
			productReference = 9BF06CC229DC967500A89CFD /* EnergyAustraliaCodingTestUITests.xctest */;
			productType = "com.apple.product-type.bundle.ui-testing";
		};
/* End PBXNativeTarget section */

/* Begin PBXProject section */
		9BF06CA029DC967300A89CFD /* Project object */ = {
			isa = PBXProject;
			attributes = {
				BuildIndependentTargetsInParallel = 1;
				LastSwiftUpdateCheck = 1430;
				LastUpgradeCheck = 1430;
				TargetAttributes = {
					9BF06CA729DC967300A89CFD = {
						CreatedOnToolsVersion = 14.3;
					};
					9BF06CB729DC967500A89CFD = {
						CreatedOnToolsVersion = 14.3;
						TestTargetID = 9BF06CA729DC967300A89CFD;
					};
					9BF06CC129DC967500A89CFD = {
						CreatedOnToolsVersion = 14.3;
						TestTargetID = 9BF06CA729DC967300A89CFD;
					};
				};
			};
			buildConfigurationList = 9BF06CA329DC967300A89CFD /* Build configuration list for PBXProject "EnergyAustraliaCodingTest" */;
			compatibilityVersion = "Xcode 14.0";
			developmentRegion = en;
			hasScannedForEncodings = 0;
			knownRegions = (
				en,
				Base,
			);
			mainGroup = 9BF06C9F29DC967300A89CFD;
			productRefGroup = 9BF06CA929DC967300A89CFD /* Products */;
			projectDirPath = "";
			projectRoot = "";
			targets = (
				9BF06CA729DC967300A89CFD /* EnergyAustraliaCodingTest */,
				9BF06CB729DC967500A89CFD /* EnergyAustraliaCodingTestTests */,
				9BF06CC129DC967500A89CFD /* EnergyAustraliaCodingTestUITests */,
			);
		};
/* End PBXProject section */

/* Begin PBXResourcesBuildPhase section */
		9BF06CA629DC967300A89CFD /* Resources */ = {
			isa = PBXResourcesBuildPhase;
			buildActionMask = 2147483647;
			files = (
				9BF06CB329DC967400A89CFD /* Preview Assets.xcassets in Resources */,
				9BF06CB029DC967400A89CFD /* Assets.xcassets in Resources */,
			);
			runOnlyForDeploymentPostprocessing = 0;
		};
		9BF06CB629DC967500A89CFD /* Resources */ = {
			isa = PBXResourcesBuildPhase;
			buildActionMask = 2147483647;
			files = (
			);
			runOnlyForDeploymentPostprocessing = 0;
		};
		9BF06CC029DC967500A89CFD /* Resources */ = {
			isa = PBXResourcesBuildPhase;
			buildActionMask = 2147483647;
			files = (
			);
			runOnlyForDeploymentPostprocessing = 0;
		};
/* End PBXResourcesBuildPhase section */

/* Begin PBXSourcesBuildPhase section */
		9BF06CA429DC967300A89CFD /* Sources */ = {
			isa = PBXSourcesBuildPhase;
			buildActionMask = 2147483647;
			files = (
				9BF06CAE29DC967300A89CFD /* ContentView.swift in Sources */,
				9BF06CAC29DC967300A89CFD /* EnergyAustraliaCodingTestApp.swift in Sources */,
			);
			runOnlyForDeploymentPostprocessing = 0;
		};
		9BF06CB429DC967500A89CFD /* Sources */ = {
			isa = PBXSourcesBuildPhase;
			buildActionMask = 2147483647;
			files = (
				9BF06CBD29DC967500A89CFD /* EnergyAustraliaCodingTestTests.swift in Sources */,
			);
			runOnlyForDeploymentPostprocessing = 0;
		};
		9BF06CBE29DC967500A89CFD /* Sources */ = {
			isa = PBXSourcesBuildPhase;
			buildActionMask = 2147483647;
			files = (
				9BF06CC729DC967500A89CFD /* EnergyAustraliaCodingTestUITests.swift in Sources */,
				9BF06CC929DC967500A89CFD /* EnergyAustraliaCodingTestUITestsLaunchTests.swift in Sources */,
			);
			runOnlyForDeploymentPostprocessing = 0;
		};
/* End PBXSourcesBuildPhase section */

/* Begin PBXTargetDependency section */
		9BF06CBA29DC967500A89CFD /* PBXTargetDependency */ = {
			isa = PBXTargetDependency;
			target = 9BF06CA729DC967300A89CFD /* EnergyAustraliaCodingTest */;
			targetProxy = 9BF06CB929DC967500A89CFD /* PBXContainerItemProxy */;
		};
		9BF06CC429DC967500A89CFD /* PBXTargetDependency */ = {
			isa = PBXTargetDependency;
			target = 9BF06CA729DC967300A89CFD /* EnergyAustraliaCodingTest */;
			targetProxy = 9BF06CC329DC967500A89CFD /* PBXContainerItemProxy */;
		};
/* End PBXTargetDependency section */

/* Begin XCBuildConfiguration section */
		9BF06CCA29DC967500A89CFD /* Debug */ = {
			isa = XCBuildConfiguration;
			buildSettings = {
				ALWAYS_SEARCH_USER_PATHS = NO;
				CLANG_ANALYZER_NONNULL = YES;
				CLANG_ANALYZER_NUMBER_OBJECT_CONVERSION = YES_AGGRESSIVE;
				CLANG_CXX_LANGUAGE_STANDARD = "gnu++20";
				CLANG_ENABLE_MODULES = YES;
				CLANG_ENABLE_OBJC_ARC = YES;
				CLANG_ENABLE_OBJC_WEAK = YES;
				CLANG_WARN_BLOCK_CAPTURE_AUTORELEASING = YES;
				CLANG_WARN_BOOL_CONVERSION = YES;
				CLANG_WARN_COMMA = YES;
				CLANG_WARN_CONSTANT_CONVERSION = YES;
				CLANG_WARN_DEPRECATED_OBJC_IMPLEMENTATIONS = YES;
				CLANG_WARN_DIRECT_OBJC_ISA_USAGE = YES_ERROR;
				CLANG_WARN_DOCUMENTATION_COMMENTS = YES;
				CLANG_WARN_EMPTY_BODY = YES;
				CLANG_WARN_ENUM_CONVERSION = YES;
				CLANG_WARN_INFINITE_RECURSION = YES;
				CLANG_WARN_INT_CONVERSION = YES;
				CLANG_WARN_NON_LITERAL_NULL_CONVERSION = YES;
				CLANG_WARN_OBJC_IMPLICIT_RETAIN_SELF = YES;
				CLANG_WARN_OBJC_LITERAL_CONVERSION = YES;
				CLANG_WARN_OBJC_ROOT_CLASS = YES_ERROR;
				CLANG_WARN_QUOTED_INCLUDE_IN_FRAMEWORK_HEADER = YES;
				CLANG_WARN_RANGE_LOOP_ANALYSIS = YES;
				CLANG_WARN_STRICT_PROTOTYPES = YES;
				CLANG_WARN_SUSPICIOUS_MOVE = YES;
				CLANG_WARN_UNGUARDED_AVAILABILITY = YES_AGGRESSIVE;
				CLANG_WARN_UNREACHABLE_CODE = YES;
				CLANG_WARN__DUPLICATE_METHOD_MATCH = YES;
				COPY_PHASE_STRIP = NO;
				DEBUG_INFORMATION_FORMAT = dwarf;
				ENABLE_STRICT_OBJC_MSGSEND = YES;
				ENABLE_TESTABILITY = YES;
				GCC_C_LANGUAGE_STANDARD = gnu11;
				GCC_DYNAMIC_NO_PIC = NO;
				GCC_NO_COMMON_BLOCKS = YES;
				GCC_OPTIMIZATION_LEVEL = 0;
				GCC_PREPROCESSOR_DEFINITIONS = (
					"DEBUG=1",
					"$(inherited)",
				);
				GCC_WARN_64_TO_32_BIT_CONVERSION = YES;
				GCC_WARN_ABOUT_RETURN_TYPE = YES_ERROR;
				GCC_WARN_UNDECLARED_SELECTOR = YES;
				GCC_WARN_UNINITIALIZED_AUTOS = YES_AGGRESSIVE;
				GCC_WARN_UNUSED_FUNCTION = YES;
				GCC_WARN_UNUSED_VARIABLE = YES;
				IPHONEOS_DEPLOYMENT_TARGET = 16.4;
				MTL_ENABLE_DEBUG_INFO = INCLUDE_SOURCE;
				MTL_FAST_MATH = YES;
				ONLY_ACTIVE_ARCH = YES;
				SDKROOT = iphoneos;
				SWIFT_ACTIVE_COMPILATION_CONDITIONS = DEBUG;
				SWIFT_OPTIMIZATION_LEVEL = "-Onone";
			};
			name = Debug;
		};
		9BF06CCB29DC967500A89CFD /* Release */ = {
			isa = XCBuildConfiguration;
			buildSettings = {
				ALWAYS_SEARCH_USER_PATHS = NO;
				CLANG_ANALYZER_NONNULL = YES;
				CLANG_ANALYZER_NUMBER_OBJECT_CONVERSION = YES_AGGRESSIVE;
				CLANG_CXX_LANGUAGE_STANDARD = "gnu++20";
				CLANG_ENABLE_MODULES = YES;
				CLANG_ENABLE_OBJC_ARC = YES;
				CLANG_ENABLE_OBJC_WEAK = YES;
				CLANG_WARN_BLOCK_CAPTURE_AUTORELEASING = YES;
				CLANG_WARN_BOOL_CONVERSION = YES;
				CLANG_WARN_COMMA = YES;
				CLANG_WARN_CONSTANT_CONVERSION = YES;
				CLANG_WARN_DEPRECATED_OBJC_IMPLEMENTATIONS = YES;
				CLANG_WARN_DIRECT_OBJC_ISA_USAGE = YES_ERROR;
				CLANG_WARN_DOCUMENTATION_COMMENTS = YES;
				CLANG_WARN_EMPTY_BODY = YES;
				CLANG_WARN_ENUM_CONVERSION = YES;
				CLANG_WARN_INFINITE_RECURSION = YES;
				CLANG_WARN_INT_CONVERSION = YES;
				CLANG_WARN_NON_LITERAL_NULL_CONVERSION = YES;
				CLANG_WARN_OBJC_IMPLICIT_RETAIN_SELF = YES;
				CLANG_WARN_OBJC_LITERAL_CONVERSION = YES;
				CLANG_WARN_OBJC_ROOT_CLASS = YES_ERROR;
				CLANG_WARN_QUOTED_INCLUDE_IN_FRAMEWORK_HEADER = YES;
				CLANG_WARN_RANGE_LOOP_ANALYSIS = YES;
				CLANG_WARN_STRICT_PROTOTYPES = YES;
				CLANG_WARN_SUSPICIOUS_MOVE = YES;
				CLANG_WARN_UNGUARDED_AVAILABILITY = YES_AGGRESSIVE;
				CLANG_WARN_UNREACHABLE_CODE = YES;
				CLANG_WARN__DUPLICATE_METHOD_MATCH = YES;
				COPY_PHASE_STRIP = NO;
				DEBUG_INFORMATION_FORMAT = "dwarf-with-dsym";
				ENABLE_NS_ASSERTIONS = NO;
				ENABLE_STRICT_OBJC_MSGSEND = YES;
				GCC_C_LANGUAGE_STANDARD = gnu11;
				GCC_NO_COMMON_BLOCKS = YES;
				GCC_WARN_64_TO_32_BIT_CONVERSION = YES;
				GCC_WARN_ABOUT_RETURN_TYPE = YES_ERROR;
				GCC_WARN_UNDECLARED_SELECTOR = YES;
				GCC_WARN_UNINITIALIZED_AUTOS = YES_AGGRESSIVE;
				GCC_WARN_UNUSED_FUNCTION = YES;
				GCC_WARN_UNUSED_VARIABLE = YES;
				IPHONEOS_DEPLOYMENT_TARGET = 16.4;
				MTL_ENABLE_DEBUG_INFO = NO;
				MTL_FAST_MATH = YES;
				SDKROOT = iphoneos;
				SWIFT_COMPILATION_MODE = wholemodule;
				SWIFT_OPTIMIZATION_LEVEL = "-O";
				VALIDATE_PRODUCT = YES;
			};
			name = Release;
		};
		9BF06CCD29DC967500A89CFD /* Debug */ = {
			isa = XCBuildConfiguration;
			buildSettings = {
				ASSETCATALOG_COMPILER_APPICON_NAME = AppIcon;
				ASSETCATALOG_COMPILER_GLOBAL_ACCENT_COLOR_NAME = AccentColor;
				CODE_SIGN_STYLE = Automatic;
				CURRENT_PROJECT_VERSION = 1;
				DEVELOPMENT_ASSET_PATHS = "\"EnergyAustraliaCodingTest/Preview Content\"";
				ENABLE_PREVIEWS = YES;
				GENERATE_INFOPLIST_FILE = YES;
				INFOPLIST_KEY_UIApplicationSceneManifest_Generation = YES;
				INFOPLIST_KEY_UIApplicationSupportsIndirectInputEvents = YES;
				INFOPLIST_KEY_UILaunchScreen_Generation = YES;
				INFOPLIST_KEY_UISupportedInterfaceOrientations_iPad = "UIInterfaceOrientationPortrait UIInterfaceOrientationPortraitUpsideDown UIInterfaceOrientationLandscapeLeft UIInterfaceOrientationLandscapeRight";
				INFOPLIST_KEY_UISupportedInterfaceOrientations_iPhone = "UIInterfaceOrientationPortrait UIInterfaceOrientationLandscapeLeft UIInterfaceOrientationLandscapeRight";
				LD_RUNPATH_SEARCH_PATHS = (
					"$(inherited)",
					"@executable_path/Frameworks",
				);
				MARKETING_VERSION = 1.0;
				PRODUCT_BUNDLE_IDENTIFIER = com.EnergyAustraliaCodingTest.EnergyAustraliaCodingTest;
				PRODUCT_NAME = "$(TARGET_NAME)";
				SWIFT_EMIT_LOC_STRINGS = YES;
				SWIFT_VERSION = 5.0;
				TARGETED_DEVICE_FAMILY = "1,2";
			};
			name = Debug;
		};
		9BF06CCE29DC967500A89CFD /* Release */ = {
			isa = XCBuildConfiguration;
			buildSettings = {
				ASSETCATALOG_COMPILER_APPICON_NAME = AppIcon;
				ASSETCATALOG_COMPILER_GLOBAL_ACCENT_COLOR_NAME = AccentColor;
				CODE_SIGN_STYLE = Automatic;
				CURRENT_PROJECT_VERSION = 1;
				DEVELOPMENT_ASSET_PATHS = "\"EnergyAustraliaCodingTest/Preview Content\"";
				ENABLE_PREVIEWS = YES;
				GENERATE_INFOPLIST_FILE = YES;
				INFOPLIST_KEY_UIApplicationSceneManifest_Generation = YES;
				INFOPLIST_KEY_UIApplicationSupportsIndirectInputEvents = YES;
				INFOPLIST_KEY_UILaunchScreen_Generation = YES;
				INFOPLIST_KEY_UISupportedInterfaceOrientations_iPad = "UIInterfaceOrientationPortrait UIInterfaceOrientationPortraitUpsideDown UIInterfaceOrientationLandscapeLeft UIInterfaceOrientationLandscapeRight";
				INFOPLIST_KEY_UISupportedInterfaceOrientations_iPhone = "UIInterfaceOrientationPortrait UIInterfaceOrientationLandscapeLeft UIInterfaceOrientationLandscapeRight";
				LD_RUNPATH_SEARCH_PATHS = (
					"$(inherited)",
					"@executable_path/Frameworks",
				);
				MARKETING_VERSION = 1.0;
				PRODUCT_BUNDLE_IDENTIFIER = com.EnergyAustraliaCodingTest.EnergyAustraliaCodingTest;
				PRODUCT_NAME = "$(TARGET_NAME)";
				SWIFT_EMIT_LOC_STRINGS = YES;
				SWIFT_VERSION = 5.0;
				TARGETED_DEVICE_FAMILY = "1,2";
			};
			name = Release;
		};
		9BF06CD029DC967500A89CFD /* Debug */ = {
			isa = XCBuildConfiguration;
			buildSettings = {
				ALWAYS_EMBED_SWIFT_STANDARD_LIBRARIES = YES;
				BUNDLE_LOADER = "$(TEST_HOST)";
				CODE_SIGN_STYLE = Automatic;
				CURRENT_PROJECT_VERSION = 1;
				GENERATE_INFOPLIST_FILE = YES;
				IPHONEOS_DEPLOYMENT_TARGET = 16.4;
				MARKETING_VERSION = 1.0;
				PRODUCT_BUNDLE_IDENTIFIER = com.EnergyAustraliaCodingTest.EnergyAustraliaCodingTestTests;
				PRODUCT_NAME = "$(TARGET_NAME)";
				SWIFT_EMIT_LOC_STRINGS = NO;
				SWIFT_VERSION = 5.0;
				TARGETED_DEVICE_FAMILY = "1,2";
				TEST_HOST = "$(BUILT_PRODUCTS_DIR)/EnergyAustraliaCodingTest.app/$(BUNDLE_EXECUTABLE_FOLDER_PATH)/EnergyAustraliaCodingTest";
			};
			name = Debug;
		};
		9BF06CD129DC967500A89CFD /* Release */ = {
			isa = XCBuildConfiguration;
			buildSettings = {
				ALWAYS_EMBED_SWIFT_STANDARD_LIBRARIES = YES;
				BUNDLE_LOADER = "$(TEST_HOST)";
				CODE_SIGN_STYLE = Automatic;
				CURRENT_PROJECT_VERSION = 1;
				GENERATE_INFOPLIST_FILE = YES;
				IPHONEOS_DEPLOYMENT_TARGET = 16.4;
				MARKETING_VERSION = 1.0;
				PRODUCT_BUNDLE_IDENTIFIER = com.EnergyAustraliaCodingTest.EnergyAustraliaCodingTestTests;
				PRODUCT_NAME = "$(TARGET_NAME)";
				SWIFT_EMIT_LOC_STRINGS = NO;
				SWIFT_VERSION = 5.0;
				TARGETED_DEVICE_FAMILY = "1,2";
				TEST_HOST = "$(BUILT_PRODUCTS_DIR)/EnergyAustraliaCodingTest.app/$(BUNDLE_EXECUTABLE_FOLDER_PATH)/EnergyAustraliaCodingTest";
			};
			name = Release;
		};
		9BF06CD329DC967500A89CFD /* Debug */ = {
			isa = XCBuildConfiguration;
			buildSettings = {
				ALWAYS_EMBED_SWIFT_STANDARD_LIBRARIES = YES;
				CODE_SIGN_STYLE = Automatic;
				CURRENT_PROJECT_VERSION = 1;
				GENERATE_INFOPLIST_FILE = YES;
				MARKETING_VERSION = 1.0;
				PRODUCT_BUNDLE_IDENTIFIER = com.EnergyAustraliaCodingTest.EnergyAustraliaCodingTestUITests;
				PRODUCT_NAME = "$(TARGET_NAME)";
				SWIFT_EMIT_LOC_STRINGS = NO;
				SWIFT_VERSION = 5.0;
				TARGETED_DEVICE_FAMILY = "1,2";
				TEST_TARGET_NAME = EnergyAustraliaCodingTest;
			};
			name = Debug;
		};
		9BF06CD429DC967500A89CFD /* Release */ = {
			isa = XCBuildConfiguration;
			buildSettings = {
				ALWAYS_EMBED_SWIFT_STANDARD_LIBRARIES = YES;
				CODE_SIGN_STYLE = Automatic;
				CURRENT_PROJECT_VERSION = 1;
				GENERATE_INFOPLIST_FILE = YES;
				MARKETING_VERSION = 1.0;
				PRODUCT_BUNDLE_IDENTIFIER = com.EnergyAustraliaCodingTest.EnergyAustraliaCodingTestUITests;
				PRODUCT_NAME = "$(TARGET_NAME)";
				SWIFT_EMIT_LOC_STRINGS = NO;
				SWIFT_VERSION = 5.0;
				TARGETED_DEVICE_FAMILY = "1,2";
				TEST_TARGET_NAME = EnergyAustraliaCodingTest;
			};
			name = Release;
		};
/* End XCBuildConfiguration section */

/* Begin XCConfigurationList section */
		9BF06CA329DC967300A89CFD /* Build configuration list for PBXProject "EnergyAustraliaCodingTest" */ = {
			isa = XCConfigurationList;
			buildConfigurations = (
				9BF06CCA29DC967500A89CFD /* Debug */,
				9BF06CCB29DC967500A89CFD /* Release */,
			);
			defaultConfigurationIsVisible = 0;
			defaultConfigurationName = Release;
		};
		9BF06CCC29DC967500A89CFD /* Build configuration list for PBXNativeTarget "EnergyAustraliaCodingTest" */ = {
			isa = XCConfigurationList;
			buildConfigurations = (
				9BF06CCD29DC967500A89CFD /* Debug */,
				9BF06CCE29DC967500A89CFD /* Release */,
			);
			defaultConfigurationIsVisible = 0;
			defaultConfigurationName = Release;
		};
		9BF06CCF29DC967500A89CFD /* Build configuration list for PBXNativeTarget "EnergyAustraliaCodingTestTests" */ = {
			isa = XCConfigurationList;
			buildConfigurations = (
				9BF06CD029DC967500A89CFD /* Debug */,
				9BF06CD129DC967500A89CFD /* Release */,
			);
			defaultConfigurationIsVisible = 0;
			defaultConfigurationName = Release;
		};
		9BF06CD229DC967500A89CFD /* Build configuration list for PBXNativeTarget "EnergyAustraliaCodingTestUITests" */ = {
			isa = XCConfigurationList;
			buildConfigurations = (
				9BF06CD329DC967500A89CFD /* Debug */,
				9BF06CD429DC967500A89CFD /* Release */,
			);
			defaultConfigurationIsVisible = 0;
			defaultConfigurationName = Release;
		};
/* End XCConfigurationList section */
	};
	rootObject = 9BF06CA029DC967300A89CFD /* Project object */;
}
